
Microsoft Visual Studio Solution File, Format Version 12.00
# Visual Studio 2013
VisualStudioVersion = 12.0.40629.0
MinimumVisualStudioVersion = 10.0.40219.1
Project("{FAE04EC0-301F-11D3-BF4B-00C04F79EFBC}") = "Octagon", "Octogon\Octagon.csproj", "{414D7A45-BE4C-407D-BFA8-B8E099EBEA69}"
EndProject
Project("{FAE04EC0-301F-11D3-BF4B-00C04F79EFBC}") = "OctagonCommon", "OctogonCommon\OctagonCommon.csproj", "{69A71450-BC0A-4BEB-96EE-0E07F04F4A94}"
EndProject
Project("{2150E333-8FDC-42A3-9474-1A3956D46DE8}") = ".nuget", ".nuget", "{6B5F3CEA-8B1D-49DF-BDDA-05BD51AA5340}"
	ProjectSection(SolutionItems) = preProject
		.nuget\NuGet.Config = .nuget\NuGet.Config
		.nuget\NuGet.exe = .nuget\NuGet.exe
		.nuget\NuGet.pdb = .nuget\NuGet.pdb
		.nuget\NuGet.targets = .nuget\NuGet.targets
	EndProjectSection
EndProject
Project("{FAE04EC0-301F-11D3-BF4B-00C04F79EFBC}") = "OctagonTesting", "OctagonTesting\OctagonTesting.csproj", "{38653C7C-0AC0-472F-ADE8-E9EDC05E424A}"
EndProject
Project("{FAE04EC0-301F-11D3-BF4B-00C04F79EFBC}") = "OctagonConsole", "OctagonConsole\OctagonConsole.csproj", "{A0A05D66-493D-4771-9907-75A43C07B409}"
EndProject
Global
	GlobalSection(SolutionConfigurationPlatforms) = preSolution
		Debug|Any CPU = Debug|Any CPU
		Release|Any CPU = Release|Any CPU
	EndGlobalSection
	GlobalSection(ProjectConfigurationPlatforms) = postSolution
		{414D7A45-BE4C-407D-BFA8-B8E099EBEA69}.Debug|Any CPU.ActiveCfg = Debug|Any CPU
		{414D7A45-BE4C-407D-BFA8-B8E099EBEA69}.Debug|Any CPU.Build.0 = Debug|Any CPU
		{414D7A45-BE4C-407D-BFA8-B8E099EBEA69}.Release|Any CPU.ActiveCfg = Release|Any CPU
		{414D7A45-BE4C-407D-BFA8-B8E099EBEA69}.Release|Any CPU.Build.0 = Release|Any CPU
		{69A71450-BC0A-4BEB-96EE-0E07F04F4A94}.Debug|Any CPU.ActiveCfg = Debug|Any CPU
		{69A71450-BC0A-4BEB-96EE-0E07F04F4A94}.Debug|Any CPU.Build.0 = Debug|Any CPU
		{69A71450-BC0A-4BEB-96EE-0E07F04F4A94}.Release|Any CPU.ActiveCfg = Release|Any CPU
		{69A71450-BC0A-4BEB-96EE-0E07F04F4A94}.Release|Any CPU.Build.0 = Release|Any CPU
		{38653C7C-0AC0-472F-ADE8-E9EDC05E424A}.Debug|Any CPU.ActiveCfg = Debug|Any CPU
		{38653C7C-0AC0-472F-ADE8-E9EDC05E424A}.Debug|Any CPU.Build.0 = Debug|Any CPU
		{38653C7C-0AC0-472F-ADE8-E9EDC05E424A}.Release|Any CPU.ActiveCfg = Release|Any CPU
		{38653C7C-0AC0-472F-ADE8-E9EDC05E424A}.Release|Any CPU.Build.0 = Release|Any CPU
		{A0A05D66-493D-4771-9907-75A43C07B409}.Debug|Any CPU.ActiveCfg = Debug|Any CPU
		{A0A05D66-493D-4771-9907-75A43C07B409}.Debug|Any CPU.Build.0 = Debug|Any CPU
		{A0A05D66-493D-4771-9907-75A43C07B409}.Release|Any CPU.ActiveCfg = Release|Any CPU
		{A0A05D66-493D-4771-9907-75A43C07B409}.Release|Any CPU.Build.0 = Release|Any CPU
	EndGlobalSection
	GlobalSection(SolutionProperties) = preSolution
		HideSolutionNode = FALSE
	EndGlobalSection
EndGlobal
